
Microsoft Visual Studio Solution File, Format Version 11.00
# Visual Studio 2010
Project("{FAE04EC0-301F-11D3-BF4B-00C04F79EFBC}") = "PhaseJumper", "Assembly-CSharp.csproj", "{CF51B8F9-6AF8-C5E6-4006-8DCBD274B83D}"
EndProject
Global
	GlobalSection(SolutionConfigurationPlatforms) = preSolution
		Debug|Any CPU = Debug|Any CPU
		Release|Any CPU = Release|Any CPU
	EndGlobalSection
	GlobalSection(ProjectConfigurationPlatforms) = postSolution
		{CF51B8F9-6AF8-C5E6-4006-8DCBD274B83D}.Debug|Any CPU.ActiveCfg = Debug|Any CPU
		{CF51B8F9-6AF8-C5E6-4006-8DCBD274B83D}.Debug|Any CPU.Build.0 = Debug|Any CPU
		{CF51B8F9-6AF8-C5E6-4006-8DCBD274B83D}.Release|Any CPU.ActiveCfg = Release|Any CPU
		{CF51B8F9-6AF8-C5E6-4006-8DCBD274B83D}.Release|Any CPU.Build.0 = Release|Any CPU
	EndGlobalSection
	GlobalSection(SolutionProperties) = preSolution
		HideSolutionNode = FALSE
	EndGlobalSection
	GlobalSection(MonoDevelopProperties) = preSolution
		StartupItem = Assembly-CSharp.csproj
	EndGlobalSection
EndGlobal
